# This file is generated by running "yarn install" inside your project.
# Manual changes might be lost - proceed with caution!

__metadata:
  version: 6
  cacheKey: 8

"clsx@npm:^1.1.1":
  version: 1.2.1
  resolution: "clsx@npm:1.2.1"
  checksum: 30befca8019b2eb7dbad38cff6266cf543091dae2825c856a62a8ccf2c3ab9c2907c4d12b288b73101196767f66812365400a227581484a05f968b0307cfaf12
  languageName: node
  linkType: hard

"react-data-grid-proto@workspace:.":
  version: 0.0.0-use.local
  resolution: "react-data-grid-proto@workspace:."
  dependencies:
    react-data-grid: ^7.0.0-beta.13
  languageName: unknown
  linkType: soft

"react-data-grid@npm:^7.0.0-beta.13":
  version: 7.0.0-canary.49
  resolution: "react-data-grid@npm:7.0.0-canary.49"
  dependencies:
    clsx: ^1.1.1
  peerDependencies:
    react: ^16.14 || ^17.0
    react-dom: ^16.14 || ^17.0
  checksum: fe57d441a5e56dac39a0f7e06979a27d5606515653ead31fc06f9c2fe08ebaf88ff4ab70f1565dd356b343cf4612137dea2d188a40a7e246b85dd5aa2589da04
  languageName: node
  linkType: hard
